
Microsoft Visual Studio Solution File, Format Version 12.00
# Visual Studio 15
VisualStudioVersion = 15.0.27428.2037
MinimumVisualStudioVersion = 10.0.40219.1
Project("{F184B08F-C81C-45F6-A57F-5ABD9991F28F}") = "Lab_ControlesEstandar", "Lab_ControlesEstandar\Lab_ControlesEstandar.vbproj", "{FCAD5B7D-01EB-478B-B866-BE3EB019281A}"
EndProject
Global
	GlobalSection(SolutionConfigurationPlatforms) = preSolution
		Debug|Any CPU = Debug|Any CPU
		Release|Any CPU = Release|Any CPU
	EndGlobalSection
	GlobalSection(ProjectConfigurationPlatforms) = postSolution
		{FCAD5B7D-01EB-478B-B866-BE3EB019281A}.Debug|Any CPU.ActiveCfg = Debug|Any CPU
		{FCAD5B7D-01EB-478B-B866-BE3EB019281A}.Debug|Any CPU.Build.0 = Debug|Any CPU
		{FCAD5B7D-01EB-478B-B866-BE3EB019281A}.Release|Any CPU.ActiveCfg = Release|Any CPU
		{FCAD5B7D-01EB-478B-B866-BE3EB019281A}.Release|Any CPU.Build.0 = Release|Any CPU
	EndGlobalSection
	GlobalSection(SolutionProperties) = preSolution
		HideSolutionNode = FALSE
	EndGlobalSection
	GlobalSection(ExtensibilityGlobals) = postSolution
		SolutionGuid = {1E37D3D2-1C46-480B-A7EC-6F8FB7AF124B}
	EndGlobalSection
EndGlobal
